
Microsoft Visual Studio Solution File, Format Version 12.00
# Visual Studio Version 17
VisualStudioVersion = 17.10.35122.118
MinimumVisualStudioVersion = 10.0.40219.1
Project("{8BC9CEB8-8B4A-11D0-8D11-00A0C91BC942}") = "project", "project\project.vcxproj", "{D4328061-B962-48E2-94BD-7747F7CF39E8}"
EndProject
Global
	GlobalSection(SolutionConfigurationPlatforms) = preSolution
		release|x64 = release|x64
	EndGlobalSection
	GlobalSection(ProjectConfigurationPlatforms) = postSolution
		{D4328061-B962-48E2-94BD-7747F7CF39E8}.release|x64.ActiveCfg = release|x64
		{D4328061-B962-48E2-94BD-7747F7CF39E8}.release|x64.Build.0 = release|x64
	EndGlobalSection
	GlobalSection(SolutionProperties) = preSolution
		HideSolutionNode = FALSE
	EndGlobalSection
	GlobalSection(ExtensibilityGlobals) = postSolution
		SolutionGuid = {D8565F6A-F1F1-4B36-AED3-47214A0CF238}
	EndGlobalSection
EndGlobal
